
Microsoft Visual Studio Solution File, Format Version 12.00
# Visual Studio Version 16
VisualStudioVersion = 16.0.32510.428
MinimumVisualStudioVersion = 10.0.40219.1
Project("{FAE04EC0-301F-11D3-BF4B-00C04F79EFBC}") = "my-books", "my-books\my-books.csproj", "{DE1E4B43-8731-4E59-917D-05D40209C585}"
EndProject
Global
	GlobalSection(SolutionConfigurationPlatforms) = preSolution
		Debug|Any CPU = Debug|Any CPU
		Release|Any CPU = Release|Any CPU
	EndGlobalSection
	GlobalSection(ProjectConfigurationPlatforms) = postSolution
		{DE1E4B43-8731-4E59-917D-05D40209C585}.Debug|Any CPU.ActiveCfg = Debug|Any CPU
		{DE1E4B43-8731-4E59-917D-05D40209C585}.Debug|Any CPU.Build.0 = Debug|Any CPU
		{DE1E4B43-8731-4E59-917D-05D40209C585}.Release|Any CPU.ActiveCfg = Release|Any CPU
		{DE1E4B43-8731-4E59-917D-05D40209C585}.Release|Any CPU.Build.0 = Release|Any CPU
	EndGlobalSection
	GlobalSection(SolutionProperties) = preSolution
		HideSolutionNode = FALSE
	EndGlobalSection
	GlobalSection(ExtensibilityGlobals) = postSolution
		SolutionGuid = {80C4C1AE-E6E8-4A3D-80C2-EB5726283996}
	EndGlobalSection
EndGlobal
